
Microsoft Visual Studio Solution File, Format Version 12.00
# Visual Studio Version 17
VisualStudioVersion = 17.2.32602.215
MinimumVisualStudioVersion = 10.0.40219.1
Project("{FAE04EC0-301F-11D3-BF4B-00C04F79EFBC}") = "Nouns", "Nouns.csproj", "{5F820369-27E0-4602-A76E-4FFFB82A15B0}"
EndProject
Project("{FAE04EC0-301F-11D3-BF4B-00C04F79EFBC}") = "Nouns.Tests", "..\Nouns.Tests\Nouns.Tests.csproj", "{A33C371A-9BD7-4CB8-9D26-B91D1E2D57D2}"
EndProject
Project("{FAE04EC0-301F-11D3-BF4B-00C04F79EFBC}") = "Nouns.Assets.MagicaVoxel", "..\Nouns.Assets.MagicaVoxel\Nouns.Assets.MagicaVoxel.csproj", "{54E5F2B9-DE1E-466F-B751-2C3A449B4F61}"
EndProject
Global
	GlobalSection(SolutionConfigurationPlatforms) = preSolution
		Debug|Any CPU = Debug|Any CPU
		Release|Any CPU = Release|Any CPU
	EndGlobalSection
	GlobalSection(ProjectConfigurationPlatforms) = postSolution
		{5F820369-27E0-4602-A76E-4FFFB82A15B0}.Debug|Any CPU.ActiveCfg = Debug|Any CPU
		{5F820369-27E0-4602-A76E-4FFFB82A15B0}.Debug|Any CPU.Build.0 = Debug|Any CPU
		{5F820369-27E0-4602-A76E-4FFFB82A15B0}.Release|Any CPU.ActiveCfg = Release|Any CPU
		{5F820369-27E0-4602-A76E-4FFFB82A15B0}.Release|Any CPU.Build.0 = Release|Any CPU
		{A33C371A-9BD7-4CB8-9D26-B91D1E2D57D2}.Debug|Any CPU.ActiveCfg = Debug|Any CPU
		{A33C371A-9BD7-4CB8-9D26-B91D1E2D57D2}.Debug|Any CPU.Build.0 = Debug|Any CPU
		{A33C371A-9BD7-4CB8-9D26-B91D1E2D57D2}.Release|Any CPU.ActiveCfg = Release|Any CPU
		{A33C371A-9BD7-4CB8-9D26-B91D1E2D57D2}.Release|Any CPU.Build.0 = Release|Any CPU
		{54E5F2B9-DE1E-466F-B751-2C3A449B4F61}.Debug|Any CPU.ActiveCfg = Debug|Any CPU
		{54E5F2B9-DE1E-466F-B751-2C3A449B4F61}.Debug|Any CPU.Build.0 = Debug|Any CPU
		{54E5F2B9-DE1E-466F-B751-2C3A449B4F61}.Release|Any CPU.ActiveCfg = Release|Any CPU
		{54E5F2B9-DE1E-466F-B751-2C3A449B4F61}.Release|Any CPU.Build.0 = Release|Any CPU
	EndGlobalSection
	GlobalSection(SolutionProperties) = preSolution
		HideSolutionNode = FALSE
	EndGlobalSection
	GlobalSection(ExtensibilityGlobals) = postSolution
		SolutionGuid = {7E97A822-CBBD-4D0F-B8FD-026EB191200D}
	EndGlobalSection
EndGlobal
