
Microsoft Visual Studio Solution File, Format Version 12.00
# Visual Studio Version 17
VisualStudioVersion = 17.2.32630.192
MinimumVisualStudioVersion = 10.0.40219.1
Project("{9A19103F-16F7-4668-BE54-9A1E7A4F7556}") = "Nouns.Assets.MagicaVoxel", "Nouns.Assets.MagicaVoxel\Nouns.Assets.MagicaVoxel.csproj", "{15B54F37-C85F-430D-9991-E4F48F9FAC04}"
EndProject
Project("{9A19103F-16F7-4668-BE54-9A1E7A4F7556}") = "FNA.Core", "..\lib\FNA\FNA.Core.csproj", "{8F3ABE53-B19A-464D-9DF1-B5C9B3C62FC2}"
EndProject
Project("{2150E333-8FDC-42A3-9474-1A3956D46DE8}") = "Solution Items", "Solution Items", "{4D76D185-6E74-4890-930C-533596135882}"
	ProjectSection(SolutionItems) = preProject
		..\LICENSE = ..\LICENSE
		..\README.md = ..\README.md
		..\THIRD_PARTY_NOTICES.md = ..\THIRD_PARTY_NOTICES.md
	EndProjectSection
EndProject
Project("{9A19103F-16F7-4668-BE54-9A1E7A4F7556}") = "VisualTests", "VisualTests\VisualTests.csproj", "{74A9318A-5753-4F15-B8B9-C905B9093D89}"
EndProject
Project("{9A19103F-16F7-4668-BE54-9A1E7A4F7556}") = "Platformer", "Platformer\Platformer.csproj", "{C2519DC9-0FE4-4664-BC55-F69F2C854A80}"
EndProject
Project("{2150E333-8FDC-42A3-9474-1A3956D46DE8}") = "games", "games", "{5C30A621-0283-4D4E-9527-8E7DC10FD415}"
EndProject
Project("{9A19103F-16F7-4668-BE54-9A1E7A4F7556}") = "NGE", "NGE\NGE.csproj", "{F02668F6-1033-46B9-A9B5-795B2EA2E540}"
EndProject
Project("{9A19103F-16F7-4668-BE54-9A1E7A4F7556}") = "NGE.CLI", "NGE.CLI\NGE.CLI.csproj", "{45C5B669-DF05-49D4-AF2A-EF92E3472866}"
EndProject
Project("{2150E333-8FDC-42A3-9474-1A3956D46DE8}") = "lib", "lib", "{2B06756C-8A83-46C3-8282-8252CEAF4474}"
EndProject
Project("{9A19103F-16F7-4668-BE54-9A1E7A4F7556}") = "SharpGLTF.Core", "..\lib\SharpGLTF\src\SharpGLTF.Core\SharpGLTF.Core.csproj", "{E9627DD9-B2E5-44E3-8993-BFAF1CC80B40}"
EndProject
Project("{9A19103F-16F7-4668-BE54-9A1E7A4F7556}") = "SharpGLTF.Toolkit", "..\lib\SharpGLTF\src\SharpGLTF.Toolkit\SharpGLTF.Toolkit.csproj", "{91B5CDDA-DC7E-4EE6-8ADD-6B05D2E733E0}"
EndProject
Project("{9A19103F-16F7-4668-BE54-9A1E7A4F7556}") = "Tomlyn", "..\lib\Tomlyn\src\Tomlyn\Tomlyn.csproj", "{80BE5F8E-10AE-4226-978E-435173A948B7}"
EndProject
Project("{9A19103F-16F7-4668-BE54-9A1E7A4F7556}") = "NGE.Tests", "NGE.Tests\NGE.Tests.csproj", "{DF98BDD2-452D-4553-8491-5E948BF52516}"
EndProject
Project("{9A19103F-16F7-4668-BE54-9A1E7A4F7556}") = "NGE.Core", "NGE.Core\NGE.Core.csproj", "{0AC1899B-467B-454A-87C8-1E9F6C234BA9}"
EndProject
Project("{9A19103F-16F7-4668-BE54-9A1E7A4F7556}") = "NGE.Strings", "NGE.Strings\NGE.Strings.csproj", "{62DAFE62-C366-44D4-B2D2-F3C3B4631A97}"
EndProject
Project("{9A19103F-16F7-4668-BE54-9A1E7A4F7556}") = "NGE.Engine", "NGE.Engine\NGE.Engine.csproj", "{F0D967A3-2D50-439D-B14F-99755893E73C}"
EndProject
Project("{9A19103F-16F7-4668-BE54-9A1E7A4F7556}") = "NGE.Assets", "NGE.Assets\NGE.Assets.csproj", "{C2AF7677-2760-4874-A359-E1D4BE90C1EA}"
EndProject
Project("{9A19103F-16F7-4668-BE54-9A1E7A4F7556}") = "NGE.Editor", "NGE.Editor\NGE.Editor.csproj", "{4CDCCD79-983E-492F-9A78-2F11DFC59021}"
EndProject
Project("{9A19103F-16F7-4668-BE54-9A1E7A4F7556}") = "NGE.Graphics", "NGE.Graphics\NGE.Graphics.csproj", "{AED49843-02E3-4102-8745-C4AF134417EA}"
EndProject
Project("{9A19103F-16F7-4668-BE54-9A1E7A4F7556}") = "NGE.Engine.Pixel2D", "NGE.Engine.Pixel2D\NGE.Engine.Pixel2D.csproj", "{5F0D479C-5E63-475C-BE6A-91156E3C0F84}"
EndProject
Project("{9A19103F-16F7-4668-BE54-9A1E7A4F7556}") = "NGE.Pipeline", "NGE.Pipeline\NGE.Pipeline.csproj", "{8E970DF7-97CD-4643-A678-2E85EB8E1B74}"
EndProject
Project("{9A19103F-16F7-4668-BE54-9A1E7A4F7556}") = "NGE.Assets.GLTF", "NGE.Assets.GLTF\NGE.Assets.GLTF.csproj", "{009D8DA9-E953-45FE-A447-41AD5BB4BA7A}"
EndProject
Global
	GlobalSection(SolutionConfigurationPlatforms) = preSolution
		Debug|Any CPU = Debug|Any CPU
		Debug|x64 = Debug|x64
		Release|Any CPU = Release|Any CPU
		Release|x64 = Release|x64
	EndGlobalSection
	GlobalSection(ProjectConfigurationPlatforms) = postSolution
		{15B54F37-C85F-430D-9991-E4F48F9FAC04}.Debug|Any CPU.ActiveCfg = Debug|x64
		{15B54F37-C85F-430D-9991-E4F48F9FAC04}.Debug|Any CPU.Build.0 = Debug|x64
		{15B54F37-C85F-430D-9991-E4F48F9FAC04}.Debug|x64.ActiveCfg = Debug|Any CPU
		{15B54F37-C85F-430D-9991-E4F48F9FAC04}.Debug|x64.Build.0 = Debug|Any CPU
		{15B54F37-C85F-430D-9991-E4F48F9FAC04}.Release|Any CPU.ActiveCfg = Release|x64
		{15B54F37-C85F-430D-9991-E4F48F9FAC04}.Release|Any CPU.Build.0 = Release|x64
		{15B54F37-C85F-430D-9991-E4F48F9FAC04}.Release|x64.ActiveCfg = Release|Any CPU
		{15B54F37-C85F-430D-9991-E4F48F9FAC04}.Release|x64.Build.0 = Release|Any CPU
		{8F3ABE53-B19A-464D-9DF1-B5C9B3C62FC2}.Debug|Any CPU.ActiveCfg = Debug|x64
		{8F3ABE53-B19A-464D-9DF1-B5C9B3C62FC2}.Debug|Any CPU.Build.0 = Debug|x64
		{8F3ABE53-B19A-464D-9DF1-B5C9B3C62FC2}.Debug|x64.ActiveCfg = Debug|x64
		{8F3ABE53-B19A-464D-9DF1-B5C9B3C62FC2}.Debug|x64.Build.0 = Debug|x64
		{8F3ABE53-B19A-464D-9DF1-B5C9B3C62FC2}.Release|Any CPU.ActiveCfg = Release|x64
		{8F3ABE53-B19A-464D-9DF1-B5C9B3C62FC2}.Release|Any CPU.Build.0 = Release|x64
		{8F3ABE53-B19A-464D-9DF1-B5C9B3C62FC2}.Release|x64.ActiveCfg = Release|x64
		{8F3ABE53-B19A-464D-9DF1-B5C9B3C62FC2}.Release|x64.Build.0 = Release|x64
		{74A9318A-5753-4F15-B8B9-C905B9093D89}.Debug|Any CPU.ActiveCfg = Debug|Any CPU
		{74A9318A-5753-4F15-B8B9-C905B9093D89}.Debug|Any CPU.Build.0 = Debug|Any CPU
		{74A9318A-5753-4F15-B8B9-C905B9093D89}.Debug|x64.ActiveCfg = Debug|Any CPU
		{74A9318A-5753-4F15-B8B9-C905B9093D89}.Debug|x64.Build.0 = Debug|Any CPU
		{74A9318A-5753-4F15-B8B9-C905B9093D89}.Release|Any CPU.ActiveCfg = Release|Any CPU
		{74A9318A-5753-4F15-B8B9-C905B9093D89}.Release|Any CPU.Build.0 = Release|Any CPU
		{74A9318A-5753-4F15-B8B9-C905B9093D89}.Release|x64.ActiveCfg = Release|Any CPU
		{74A9318A-5753-4F15-B8B9-C905B9093D89}.Release|x64.Build.0 = Release|Any CPU
		{C2519DC9-0FE4-4664-BC55-F69F2C854A80}.Debug|Any CPU.ActiveCfg = Debug|Any CPU
		{C2519DC9-0FE4-4664-BC55-F69F2C854A80}.Debug|Any CPU.Build.0 = Debug|Any CPU
		{C2519DC9-0FE4-4664-BC55-F69F2C854A80}.Debug|x64.ActiveCfg = Debug|Any CPU
		{C2519DC9-0FE4-4664-BC55-F69F2C854A80}.Debug|x64.Build.0 = Debug|Any CPU
		{C2519DC9-0FE4-4664-BC55-F69F2C854A80}.Release|Any CPU.ActiveCfg = Release|Any CPU
		{C2519DC9-0FE4-4664-BC55-F69F2C854A80}.Release|Any CPU.Build.0 = Release|Any CPU
		{C2519DC9-0FE4-4664-BC55-F69F2C854A80}.Release|x64.ActiveCfg = Release|Any CPU
		{C2519DC9-0FE4-4664-BC55-F69F2C854A80}.Release|x64.Build.0 = Release|Any CPU
		{F02668F6-1033-46B9-A9B5-795B2EA2E540}.Debug|Any CPU.ActiveCfg = Debug|Any CPU
		{F02668F6-1033-46B9-A9B5-795B2EA2E540}.Debug|Any CPU.Build.0 = Debug|Any CPU
		{F02668F6-1033-46B9-A9B5-795B2EA2E540}.Debug|x64.ActiveCfg = Debug|x64
		{F02668F6-1033-46B9-A9B5-795B2EA2E540}.Debug|x64.Build.0 = Debug|x64
		{F02668F6-1033-46B9-A9B5-795B2EA2E540}.Release|Any CPU.ActiveCfg = Release|Any CPU
		{F02668F6-1033-46B9-A9B5-795B2EA2E540}.Release|Any CPU.Build.0 = Release|Any CPU
		{F02668F6-1033-46B9-A9B5-795B2EA2E540}.Release|x64.ActiveCfg = Release|x64
		{F02668F6-1033-46B9-A9B5-795B2EA2E540}.Release|x64.Build.0 = Release|x64
		{45C5B669-DF05-49D4-AF2A-EF92E3472866}.Debug|Any CPU.ActiveCfg = Debug|Any CPU
		{45C5B669-DF05-49D4-AF2A-EF92E3472866}.Debug|Any CPU.Build.0 = Debug|Any CPU
		{45C5B669-DF05-49D4-AF2A-EF92E3472866}.Debug|x64.ActiveCfg = Debug|Any CPU
		{45C5B669-DF05-49D4-AF2A-EF92E3472866}.Debug|x64.Build.0 = Debug|Any CPU
		{45C5B669-DF05-49D4-AF2A-EF92E3472866}.Release|Any CPU.ActiveCfg = Release|Any CPU
		{45C5B669-DF05-49D4-AF2A-EF92E3472866}.Release|Any CPU.Build.0 = Release|Any CPU
		{45C5B669-DF05-49D4-AF2A-EF92E3472866}.Release|x64.ActiveCfg = Release|Any CPU
		{45C5B669-DF05-49D4-AF2A-EF92E3472866}.Release|x64.Build.0 = Release|Any CPU
		{E9627DD9-B2E5-44E3-8993-BFAF1CC80B40}.Debug|Any CPU.ActiveCfg = Debug|Any CPU
		{E9627DD9-B2E5-44E3-8993-BFAF1CC80B40}.Debug|Any CPU.Build.0 = Debug|Any CPU
		{E9627DD9-B2E5-44E3-8993-BFAF1CC80B40}.Debug|x64.ActiveCfg = Debug|Any CPU
		{E9627DD9-B2E5-44E3-8993-BFAF1CC80B40}.Debug|x64.Build.0 = Debug|Any CPU
		{E9627DD9-B2E5-44E3-8993-BFAF1CC80B40}.Release|Any CPU.ActiveCfg = Release|Any CPU
		{E9627DD9-B2E5-44E3-8993-BFAF1CC80B40}.Release|Any CPU.Build.0 = Release|Any CPU
		{E9627DD9-B2E5-44E3-8993-BFAF1CC80B40}.Release|x64.ActiveCfg = Release|Any CPU
		{E9627DD9-B2E5-44E3-8993-BFAF1CC80B40}.Release|x64.Build.0 = Release|Any CPU
		{91B5CDDA-DC7E-4EE6-8ADD-6B05D2E733E0}.Debug|Any CPU.ActiveCfg = Debug|Any CPU
		{91B5CDDA-DC7E-4EE6-8ADD-6B05D2E733E0}.Debug|Any CPU.Build.0 = Debug|Any CPU
		{91B5CDDA-DC7E-4EE6-8ADD-6B05D2E733E0}.Debug|x64.ActiveCfg = Debug|Any CPU
		{91B5CDDA-DC7E-4EE6-8ADD-6B05D2E733E0}.Debug|x64.Build.0 = Debug|Any CPU
		{91B5CDDA-DC7E-4EE6-8ADD-6B05D2E733E0}.Release|Any CPU.ActiveCfg = Release|Any CPU
		{91B5CDDA-DC7E-4EE6-8ADD-6B05D2E733E0}.Release|Any CPU.Build.0 = Release|Any CPU
		{91B5CDDA-DC7E-4EE6-8ADD-6B05D2E733E0}.Release|x64.ActiveCfg = Release|Any CPU
		{91B5CDDA-DC7E-4EE6-8ADD-6B05D2E733E0}.Release|x64.Build.0 = Release|Any CPU
		{80BE5F8E-10AE-4226-978E-435173A948B7}.Debug|Any CPU.ActiveCfg = Debug|Any CPU
		{80BE5F8E-10AE-4226-978E-435173A948B7}.Debug|Any CPU.Build.0 = Debug|Any CPU
		{80BE5F8E-10AE-4226-978E-435173A948B7}.Debug|x64.ActiveCfg = Debug|Any CPU
		{80BE5F8E-10AE-4226-978E-435173A948B7}.Debug|x64.Build.0 = Debug|Any CPU
		{80BE5F8E-10AE-4226-978E-435173A948B7}.Release|Any CPU.ActiveCfg = Release|Any CPU
		{80BE5F8E-10AE-4226-978E-435173A948B7}.Release|Any CPU.Build.0 = Release|Any CPU
		{80BE5F8E-10AE-4226-978E-435173A948B7}.Release|x64.ActiveCfg = Release|Any CPU
		{80BE5F8E-10AE-4226-978E-435173A948B7}.Release|x64.Build.0 = Release|Any CPU
		{DF98BDD2-452D-4553-8491-5E948BF52516}.Debug|Any CPU.ActiveCfg = Debug|Any CPU
		{DF98BDD2-452D-4553-8491-5E948BF52516}.Debug|Any CPU.Build.0 = Debug|Any CPU
		{DF98BDD2-452D-4553-8491-5E948BF52516}.Debug|x64.ActiveCfg = Debug|x64
		{DF98BDD2-452D-4553-8491-5E948BF52516}.Debug|x64.Build.0 = Debug|x64
		{DF98BDD2-452D-4553-8491-5E948BF52516}.Release|Any CPU.ActiveCfg = Release|Any CPU
		{DF98BDD2-452D-4553-8491-5E948BF52516}.Release|Any CPU.Build.0 = Release|Any CPU
		{DF98BDD2-452D-4553-8491-5E948BF52516}.Release|x64.ActiveCfg = Release|x64
		{DF98BDD2-452D-4553-8491-5E948BF52516}.Release|x64.Build.0 = Release|x64
		{0AC1899B-467B-454A-87C8-1E9F6C234BA9}.Debug|Any CPU.ActiveCfg = Debug|Any CPU
		{0AC1899B-467B-454A-87C8-1E9F6C234BA9}.Debug|Any CPU.Build.0 = Debug|Any CPU
		{0AC1899B-467B-454A-87C8-1E9F6C234BA9}.Debug|x64.ActiveCfg = Debug|Any CPU
		{0AC1899B-467B-454A-87C8-1E9F6C234BA9}.Debug|x64.Build.0 = Debug|Any CPU
		{0AC1899B-467B-454A-87C8-1E9F6C234BA9}.Release|Any CPU.ActiveCfg = Release|Any CPU
		{0AC1899B-467B-454A-87C8-1E9F6C234BA9}.Release|Any CPU.Build.0 = Release|Any CPU
		{0AC1899B-467B-454A-87C8-1E9F6C234BA9}.Release|x64.ActiveCfg = Release|Any CPU
		{0AC1899B-467B-454A-87C8-1E9F6C234BA9}.Release|x64.Build.0 = Release|Any CPU
		{62DAFE62-C366-44D4-B2D2-F3C3B4631A97}.Debug|Any CPU.ActiveCfg = Debug|Any CPU
		{62DAFE62-C366-44D4-B2D2-F3C3B4631A97}.Debug|Any CPU.Build.0 = Debug|Any CPU
		{62DAFE62-C366-44D4-B2D2-F3C3B4631A97}.Debug|x64.ActiveCfg = Debug|Any CPU
		{62DAFE62-C366-44D4-B2D2-F3C3B4631A97}.Debug|x64.Build.0 = Debug|Any CPU
		{62DAFE62-C366-44D4-B2D2-F3C3B4631A97}.Release|Any CPU.ActiveCfg = Release|Any CPU
		{62DAFE62-C366-44D4-B2D2-F3C3B4631A97}.Release|Any CPU.Build.0 = Release|Any CPU
		{62DAFE62-C366-44D4-B2D2-F3C3B4631A97}.Release|x64.ActiveCfg = Release|Any CPU
		{62DAFE62-C366-44D4-B2D2-F3C3B4631A97}.Release|x64.Build.0 = Release|Any CPU
		{F0D967A3-2D50-439D-B14F-99755893E73C}.Debug|Any CPU.ActiveCfg = Debug|Any CPU
		{F0D967A3-2D50-439D-B14F-99755893E73C}.Debug|Any CPU.Build.0 = Debug|Any CPU
		{F0D967A3-2D50-439D-B14F-99755893E73C}.Debug|x64.ActiveCfg = Debug|Any CPU
		{F0D967A3-2D50-439D-B14F-99755893E73C}.Debug|x64.Build.0 = Debug|Any CPU
		{F0D967A3-2D50-439D-B14F-99755893E73C}.Release|Any CPU.ActiveCfg = Release|Any CPU
		{F0D967A3-2D50-439D-B14F-99755893E73C}.Release|Any CPU.Build.0 = Release|Any CPU
		{F0D967A3-2D50-439D-B14F-99755893E73C}.Release|x64.ActiveCfg = Release|Any CPU
		{F0D967A3-2D50-439D-B14F-99755893E73C}.Release|x64.Build.0 = Release|Any CPU
		{C2AF7677-2760-4874-A359-E1D4BE90C1EA}.Debug|Any CPU.ActiveCfg = Debug|Any CPU
		{C2AF7677-2760-4874-A359-E1D4BE90C1EA}.Debug|Any CPU.Build.0 = Debug|Any CPU
		{C2AF7677-2760-4874-A359-E1D4BE90C1EA}.Debug|x64.ActiveCfg = Debug|Any CPU
		{C2AF7677-2760-4874-A359-E1D4BE90C1EA}.Debug|x64.Build.0 = Debug|Any CPU
		{C2AF7677-2760-4874-A359-E1D4BE90C1EA}.Release|Any CPU.ActiveCfg = Release|Any CPU
		{C2AF7677-2760-4874-A359-E1D4BE90C1EA}.Release|Any CPU.Build.0 = Release|Any CPU
		{C2AF7677-2760-4874-A359-E1D4BE90C1EA}.Release|x64.ActiveCfg = Release|Any CPU
		{C2AF7677-2760-4874-A359-E1D4BE90C1EA}.Release|x64.Build.0 = Release|Any CPU
		{4CDCCD79-983E-492F-9A78-2F11DFC59021}.Debug|Any CPU.ActiveCfg = Debug|Any CPU
		{4CDCCD79-983E-492F-9A78-2F11DFC59021}.Debug|Any CPU.Build.0 = Debug|Any CPU
		{4CDCCD79-983E-492F-9A78-2F11DFC59021}.Debug|x64.ActiveCfg = Debug|Any CPU
		{4CDCCD79-983E-492F-9A78-2F11DFC59021}.Debug|x64.Build.0 = Debug|Any CPU
		{4CDCCD79-983E-492F-9A78-2F11DFC59021}.Release|Any CPU.ActiveCfg = Release|Any CPU
		{4CDCCD79-983E-492F-9A78-2F11DFC59021}.Release|Any CPU.Build.0 = Release|Any CPU
		{4CDCCD79-983E-492F-9A78-2F11DFC59021}.Release|x64.ActiveCfg = Release|Any CPU
		{4CDCCD79-983E-492F-9A78-2F11DFC59021}.Release|x64.Build.0 = Release|Any CPU
		{AED49843-02E3-4102-8745-C4AF134417EA}.Debug|Any CPU.ActiveCfg = Debug|Any CPU
		{AED49843-02E3-4102-8745-C4AF134417EA}.Debug|Any CPU.Build.0 = Debug|Any CPU
		{AED49843-02E3-4102-8745-C4AF134417EA}.Debug|x64.ActiveCfg = Debug|Any CPU
		{AED49843-02E3-4102-8745-C4AF134417EA}.Debug|x64.Build.0 = Debug|Any CPU
		{AED49843-02E3-4102-8745-C4AF134417EA}.Release|Any CPU.ActiveCfg = Release|Any CPU
		{AED49843-02E3-4102-8745-C4AF134417EA}.Release|Any CPU.Build.0 = Release|Any CPU
		{AED49843-02E3-4102-8745-C4AF134417EA}.Release|x64.ActiveCfg = Release|Any CPU
		{AED49843-02E3-4102-8745-C4AF134417EA}.Release|x64.Build.0 = Release|Any CPU
		{5F0D479C-5E63-475C-BE6A-91156E3C0F84}.Debug|Any CPU.ActiveCfg = Debug|Any CPU
		{5F0D479C-5E63-475C-BE6A-91156E3C0F84}.Debug|Any CPU.Build.0 = Debug|Any CPU
		{5F0D479C-5E63-475C-BE6A-91156E3C0F84}.Debug|x64.ActiveCfg = Debug|Any CPU
		{5F0D479C-5E63-475C-BE6A-91156E3C0F84}.Debug|x64.Build.0 = Debug|Any CPU
		{5F0D479C-5E63-475C-BE6A-91156E3C0F84}.Release|Any CPU.ActiveCfg = Release|Any CPU
		{5F0D479C-5E63-475C-BE6A-91156E3C0F84}.Release|Any CPU.Build.0 = Release|Any CPU
		{5F0D479C-5E63-475C-BE6A-91156E3C0F84}.Release|x64.ActiveCfg = Release|Any CPU
		{5F0D479C-5E63-475C-BE6A-91156E3C0F84}.Release|x64.Build.0 = Release|Any CPU
		{8E970DF7-97CD-4643-A678-2E85EB8E1B74}.Debug|Any CPU.ActiveCfg = Debug|Any CPU
		{8E970DF7-97CD-4643-A678-2E85EB8E1B74}.Debug|Any CPU.Build.0 = Debug|Any CPU
		{8E970DF7-97CD-4643-A678-2E85EB8E1B74}.Debug|x64.ActiveCfg = Debug|Any CPU
		{8E970DF7-97CD-4643-A678-2E85EB8E1B74}.Debug|x64.Build.0 = Debug|Any CPU
		{8E970DF7-97CD-4643-A678-2E85EB8E1B74}.Release|Any CPU.ActiveCfg = Release|Any CPU
		{8E970DF7-97CD-4643-A678-2E85EB8E1B74}.Release|Any CPU.Build.0 = Release|Any CPU
		{8E970DF7-97CD-4643-A678-2E85EB8E1B74}.Release|x64.ActiveCfg = Release|Any CPU
		{8E970DF7-97CD-4643-A678-2E85EB8E1B74}.Release|x64.Build.0 = Release|Any CPU
		{009D8DA9-E953-45FE-A447-41AD5BB4BA7A}.Debug|Any CPU.ActiveCfg = Debug|Any CPU
		{009D8DA9-E953-45FE-A447-41AD5BB4BA7A}.Debug|Any CPU.Build.0 = Debug|Any CPU
		{009D8DA9-E953-45FE-A447-41AD5BB4BA7A}.Debug|x64.ActiveCfg = Debug|Any CPU
		{009D8DA9-E953-45FE-A447-41AD5BB4BA7A}.Debug|x64.Build.0 = Debug|Any CPU
		{009D8DA9-E953-45FE-A447-41AD5BB4BA7A}.Release|Any CPU.ActiveCfg = Release|Any CPU
		{009D8DA9-E953-45FE-A447-41AD5BB4BA7A}.Release|Any CPU.Build.0 = Release|Any CPU
		{009D8DA9-E953-45FE-A447-41AD5BB4BA7A}.Release|x64.ActiveCfg = Release|Any CPU
		{009D8DA9-E953-45FE-A447-41AD5BB4BA7A}.Release|x64.Build.0 = Release|Any CPU
	EndGlobalSection
	GlobalSection(SolutionProperties) = preSolution
		HideSolutionNode = FALSE
	EndGlobalSection
	GlobalSection(NestedProjects) = preSolution
		{8F3ABE53-B19A-464D-9DF1-B5C9B3C62FC2} = {2B06756C-8A83-46C3-8282-8252CEAF4474}
		{C2519DC9-0FE4-4664-BC55-F69F2C854A80} = {5C30A621-0283-4D4E-9527-8E7DC10FD415}
		{E9627DD9-B2E5-44E3-8993-BFAF1CC80B40} = {2B06756C-8A83-46C3-8282-8252CEAF4474}
		{91B5CDDA-DC7E-4EE6-8ADD-6B05D2E733E0} = {2B06756C-8A83-46C3-8282-8252CEAF4474}
		{80BE5F8E-10AE-4226-978E-435173A948B7} = {2B06756C-8A83-46C3-8282-8252CEAF4474}
	EndGlobalSection
	GlobalSection(ExtensibilityGlobals) = postSolution
		SolutionGuid = {7E97A822-CBBD-4D0F-B8FD-026EB191200D}
	EndGlobalSection
EndGlobal
