
Microsoft Visual Studio Solution File, Format Version 12.00
# Visual Studio Version 17
VisualStudioVersion = 17.2.32630.192
MinimumVisualStudioVersion = 10.0.40219.1
Project("{9A19103F-16F7-4668-BE54-9A1E7A4F7556}") = "Nouns.Assets.MagicaVoxel", "Nouns.Assets.MagicaVoxel\Nouns.Assets.MagicaVoxel.csproj", "{15B54F37-C85F-430D-9991-E4F48F9FAC04}"
EndProject
Project("{9A19103F-16F7-4668-BE54-9A1E7A4F7556}") = "FNA.Core", "..\lib\FNA\FNA.Core.csproj", "{8F3ABE53-B19A-464D-9DF1-B5C9B3C62FC2}"
EndProject
Project("{2150E333-8FDC-42A3-9474-1A3956D46DE8}") = "Solution Items", "Solution Items", "{4D76D185-6E74-4890-930C-533596135882}"
	ProjectSection(SolutionItems) = preProject
		..\LICENSE = ..\LICENSE
		..\README.md = ..\README.md
		..\THIRD_PARTY_NOTICES.md = ..\THIRD_PARTY_NOTICES.md
	EndProjectSection
EndProject
Project("{9A19103F-16F7-4668-BE54-9A1E7A4F7556}") = "Nouns.Editor.Core", "Nouns.Editor.Core\Nouns.Editor.Core.csproj", "{75F6D9D4-39C0-4665-A50C-798B5F762E91}"
EndProject
Project("{9A19103F-16F7-4668-BE54-9A1E7A4F7556}") = "Nouns.Assets.Core", "Nouns.Assets.Core\Nouns.Assets.Core.csproj", "{9D12DD3D-B796-4834-80E6-B78837DE3871}"
EndProject
Project("{9A19103F-16F7-4668-BE54-9A1E7A4F7556}") = "Nouns.Graphics.Core", "Nouns.Graphics.Core\Nouns.Graphics.Core.csproj", "{519D86E9-959A-4CFA-BAFD-A3D896723D89}"
EndProject
Project("{9A19103F-16F7-4668-BE54-9A1E7A4F7556}") = "VisualTests", "VisualTests\VisualTests.csproj", "{74A9318A-5753-4F15-B8B9-C905B9093D89}"
EndProject
Project("{9A19103F-16F7-4668-BE54-9A1E7A4F7556}") = "Nouns.Core", "Nouns.Core\Nouns.Core.csproj", "{EDBEDAA0-7922-4E7D-8DB7-7DBB8978A0D8}"
EndProject
Project("{9A19103F-16F7-4668-BE54-9A1E7A4F7556}") = "Platformer", "Platformer\Platformer.csproj", "{C2519DC9-0FE4-4664-BC55-F69F2C854A80}"
EndProject
Project("{9A19103F-16F7-4668-BE54-9A1E7A4F7556}") = "Nouns.Graphics.Pipeline", "Nouns.Graphics.Pipeline\Nouns.Graphics.Pipeline.csproj", "{48615C99-5722-41C1-A2C0-5E8428C06210}"
EndProject
Project("{2150E333-8FDC-42A3-9474-1A3956D46DE8}") = "core", "core", "{81D5A9D5-421E-43A4-9D01-D6DE67080A0B}"
EndProject
Project("{2150E333-8FDC-42A3-9474-1A3956D46DE8}") = "pipeline", "pipeline", "{BECB9788-F7C2-485D-8AA0-16C3F1401D8C}"
EndProject
Project("{2150E333-8FDC-42A3-9474-1A3956D46DE8}") = "engines", "engines", "{75F00B6E-7A4A-49C4-95F4-6245D4B40301}"
EndProject
Project("{2150E333-8FDC-42A3-9474-1A3956D46DE8}") = "games", "games", "{5C30A621-0283-4D4E-9527-8E7DC10FD415}"
EndProject
Project("{9A19103F-16F7-4668-BE54-9A1E7A4F7556}") = "NGE", "NGE\NGE.csproj", "{F02668F6-1033-46B9-A9B5-795B2EA2E540}"
EndProject
Project("{9A19103F-16F7-4668-BE54-9A1E7A4F7556}") = "NGE.CLI", "NGE.CLI\NGE.CLI.csproj", "{45C5B669-DF05-49D4-AF2A-EF92E3472866}"
EndProject
Project("{FAE04EC0-301F-11D3-BF4B-00C04F79EFBC}") = "Nouns.Assets.GLTF", "Nouns.Assets.GLTF\Nouns.Assets.GLTF.csproj", "{E96D6EC1-506C-4FD4-8DEF-0B3A1F654D26}"
EndProject
Project("{2150E333-8FDC-42A3-9474-1A3956D46DE8}") = "lib", "lib", "{2B06756C-8A83-46C3-8282-8252CEAF4474}"
EndProject
Project("{9A19103F-16F7-4668-BE54-9A1E7A4F7556}") = "SharpGLTF.Core", "..\lib\SharpGLTF\src\SharpGLTF.Core\SharpGLTF.Core.csproj", "{E9627DD9-B2E5-44E3-8993-BFAF1CC80B40}"
EndProject
Project("{9A19103F-16F7-4668-BE54-9A1E7A4F7556}") = "SharpGLTF.Toolkit", "..\lib\SharpGLTF\src\SharpGLTF.Toolkit\SharpGLTF.Toolkit.csproj", "{91B5CDDA-DC7E-4EE6-8ADD-6B05D2E733E0}"
EndProject
Project("{FAE04EC0-301F-11D3-BF4B-00C04F79EFBC}") = "Nouns.Engine.Core", "Nouns.Engine.Core\Nouns.Engine.Core.csproj", "{93417202-45A0-45F0-9FB8-ECA66B96DAE1}"
EndProject
Project("{9A19103F-16F7-4668-BE54-9A1E7A4F7556}") = "Nouns.Engine.Pixel2D", "Nouns.Engine.Pixel2D\Nouns.Engine.Pixel2D.csproj", "{D4442C48-770F-45D7-97D3-3CE358E0E3CC}"
EndProject
Project("{9A19103F-16F7-4668-BE54-9A1E7A4F7556}") = "Tomlyn", "..\lib\Tomlyn\src\Tomlyn\Tomlyn.csproj", "{80BE5F8E-10AE-4226-978E-435173A948B7}"
EndProject
Project("{9A19103F-16F7-4668-BE54-9A1E7A4F7556}") = "NGE.Tests", "NGE.Tests\NGE.Tests.csproj", "{DF98BDD2-452D-4553-8491-5E948BF52516}"
EndProject
Global
	GlobalSection(SolutionConfigurationPlatforms) = preSolution
		Debug|Any CPU = Debug|Any CPU
		Debug|x64 = Debug|x64
		Release|Any CPU = Release|Any CPU
		Release|x64 = Release|x64
	EndGlobalSection
	GlobalSection(ProjectConfigurationPlatforms) = postSolution
		{15B54F37-C85F-430D-9991-E4F48F9FAC04}.Debug|Any CPU.ActiveCfg = Debug|x64
		{15B54F37-C85F-430D-9991-E4F48F9FAC04}.Debug|Any CPU.Build.0 = Debug|x64
		{15B54F37-C85F-430D-9991-E4F48F9FAC04}.Debug|x64.ActiveCfg = Debug|Any CPU
		{15B54F37-C85F-430D-9991-E4F48F9FAC04}.Debug|x64.Build.0 = Debug|Any CPU
		{15B54F37-C85F-430D-9991-E4F48F9FAC04}.Release|Any CPU.ActiveCfg = Release|x64
		{15B54F37-C85F-430D-9991-E4F48F9FAC04}.Release|Any CPU.Build.0 = Release|x64
		{15B54F37-C85F-430D-9991-E4F48F9FAC04}.Release|x64.ActiveCfg = Release|Any CPU
		{15B54F37-C85F-430D-9991-E4F48F9FAC04}.Release|x64.Build.0 = Release|Any CPU
		{8F3ABE53-B19A-464D-9DF1-B5C9B3C62FC2}.Debug|Any CPU.ActiveCfg = Debug|x64
		{8F3ABE53-B19A-464D-9DF1-B5C9B3C62FC2}.Debug|Any CPU.Build.0 = Debug|x64
		{8F3ABE53-B19A-464D-9DF1-B5C9B3C62FC2}.Debug|x64.ActiveCfg = Debug|x64
		{8F3ABE53-B19A-464D-9DF1-B5C9B3C62FC2}.Debug|x64.Build.0 = Debug|x64
		{8F3ABE53-B19A-464D-9DF1-B5C9B3C62FC2}.Release|Any CPU.ActiveCfg = Release|x64
		{8F3ABE53-B19A-464D-9DF1-B5C9B3C62FC2}.Release|Any CPU.Build.0 = Release|x64
		{8F3ABE53-B19A-464D-9DF1-B5C9B3C62FC2}.Release|x64.ActiveCfg = Release|x64
		{8F3ABE53-B19A-464D-9DF1-B5C9B3C62FC2}.Release|x64.Build.0 = Release|x64
		{75F6D9D4-39C0-4665-A50C-798B5F762E91}.Debug|Any CPU.ActiveCfg = Debug|Any CPU
		{75F6D9D4-39C0-4665-A50C-798B5F762E91}.Debug|Any CPU.Build.0 = Debug|Any CPU
		{75F6D9D4-39C0-4665-A50C-798B5F762E91}.Debug|x64.ActiveCfg = Debug|Any CPU
		{75F6D9D4-39C0-4665-A50C-798B5F762E91}.Debug|x64.Build.0 = Debug|Any CPU
		{75F6D9D4-39C0-4665-A50C-798B5F762E91}.Release|Any CPU.ActiveCfg = Release|Any CPU
		{75F6D9D4-39C0-4665-A50C-798B5F762E91}.Release|Any CPU.Build.0 = Release|Any CPU
		{75F6D9D4-39C0-4665-A50C-798B5F762E91}.Release|x64.ActiveCfg = Release|Any CPU
		{75F6D9D4-39C0-4665-A50C-798B5F762E91}.Release|x64.Build.0 = Release|Any CPU
		{9D12DD3D-B796-4834-80E6-B78837DE3871}.Debug|Any CPU.ActiveCfg = Debug|Any CPU
		{9D12DD3D-B796-4834-80E6-B78837DE3871}.Debug|Any CPU.Build.0 = Debug|Any CPU
		{9D12DD3D-B796-4834-80E6-B78837DE3871}.Debug|x64.ActiveCfg = Debug|Any CPU
		{9D12DD3D-B796-4834-80E6-B78837DE3871}.Debug|x64.Build.0 = Debug|Any CPU
		{9D12DD3D-B796-4834-80E6-B78837DE3871}.Release|Any CPU.ActiveCfg = Release|Any CPU
		{9D12DD3D-B796-4834-80E6-B78837DE3871}.Release|Any CPU.Build.0 = Release|Any CPU
		{9D12DD3D-B796-4834-80E6-B78837DE3871}.Release|x64.ActiveCfg = Release|Any CPU
		{9D12DD3D-B796-4834-80E6-B78837DE3871}.Release|x64.Build.0 = Release|Any CPU
		{519D86E9-959A-4CFA-BAFD-A3D896723D89}.Debug|Any CPU.ActiveCfg = Debug|Any CPU
		{519D86E9-959A-4CFA-BAFD-A3D896723D89}.Debug|Any CPU.Build.0 = Debug|Any CPU
		{519D86E9-959A-4CFA-BAFD-A3D896723D89}.Debug|x64.ActiveCfg = Debug|Any CPU
		{519D86E9-959A-4CFA-BAFD-A3D896723D89}.Debug|x64.Build.0 = Debug|Any CPU
		{519D86E9-959A-4CFA-BAFD-A3D896723D89}.Release|Any CPU.ActiveCfg = Release|Any CPU
		{519D86E9-959A-4CFA-BAFD-A3D896723D89}.Release|Any CPU.Build.0 = Release|Any CPU
		{519D86E9-959A-4CFA-BAFD-A3D896723D89}.Release|x64.ActiveCfg = Release|Any CPU
		{519D86E9-959A-4CFA-BAFD-A3D896723D89}.Release|x64.Build.0 = Release|Any CPU
		{74A9318A-5753-4F15-B8B9-C905B9093D89}.Debug|Any CPU.ActiveCfg = Debug|Any CPU
		{74A9318A-5753-4F15-B8B9-C905B9093D89}.Debug|Any CPU.Build.0 = Debug|Any CPU
		{74A9318A-5753-4F15-B8B9-C905B9093D89}.Debug|x64.ActiveCfg = Debug|Any CPU
		{74A9318A-5753-4F15-B8B9-C905B9093D89}.Debug|x64.Build.0 = Debug|Any CPU
		{74A9318A-5753-4F15-B8B9-C905B9093D89}.Release|Any CPU.ActiveCfg = Release|Any CPU
		{74A9318A-5753-4F15-B8B9-C905B9093D89}.Release|Any CPU.Build.0 = Release|Any CPU
		{74A9318A-5753-4F15-B8B9-C905B9093D89}.Release|x64.ActiveCfg = Release|Any CPU
		{74A9318A-5753-4F15-B8B9-C905B9093D89}.Release|x64.Build.0 = Release|Any CPU
		{EDBEDAA0-7922-4E7D-8DB7-7DBB8978A0D8}.Debug|Any CPU.ActiveCfg = Debug|Any CPU
		{EDBEDAA0-7922-4E7D-8DB7-7DBB8978A0D8}.Debug|Any CPU.Build.0 = Debug|Any CPU
		{EDBEDAA0-7922-4E7D-8DB7-7DBB8978A0D8}.Debug|x64.ActiveCfg = Debug|Any CPU
		{EDBEDAA0-7922-4E7D-8DB7-7DBB8978A0D8}.Debug|x64.Build.0 = Debug|Any CPU
		{EDBEDAA0-7922-4E7D-8DB7-7DBB8978A0D8}.Release|Any CPU.ActiveCfg = Release|Any CPU
		{EDBEDAA0-7922-4E7D-8DB7-7DBB8978A0D8}.Release|Any CPU.Build.0 = Release|Any CPU
		{EDBEDAA0-7922-4E7D-8DB7-7DBB8978A0D8}.Release|x64.ActiveCfg = Release|Any CPU
		{EDBEDAA0-7922-4E7D-8DB7-7DBB8978A0D8}.Release|x64.Build.0 = Release|Any CPU
		{C2519DC9-0FE4-4664-BC55-F69F2C854A80}.Debug|Any CPU.ActiveCfg = Debug|Any CPU
		{C2519DC9-0FE4-4664-BC55-F69F2C854A80}.Debug|Any CPU.Build.0 = Debug|Any CPU
		{C2519DC9-0FE4-4664-BC55-F69F2C854A80}.Debug|x64.ActiveCfg = Debug|Any CPU
		{C2519DC9-0FE4-4664-BC55-F69F2C854A80}.Debug|x64.Build.0 = Debug|Any CPU
		{C2519DC9-0FE4-4664-BC55-F69F2C854A80}.Release|Any CPU.ActiveCfg = Release|Any CPU
		{C2519DC9-0FE4-4664-BC55-F69F2C854A80}.Release|Any CPU.Build.0 = Release|Any CPU
		{C2519DC9-0FE4-4664-BC55-F69F2C854A80}.Release|x64.ActiveCfg = Release|Any CPU
		{C2519DC9-0FE4-4664-BC55-F69F2C854A80}.Release|x64.Build.0 = Release|Any CPU
		{48615C99-5722-41C1-A2C0-5E8428C06210}.Debug|Any CPU.ActiveCfg = Debug|Any CPU
		{48615C99-5722-41C1-A2C0-5E8428C06210}.Debug|Any CPU.Build.0 = Debug|Any CPU
		{48615C99-5722-41C1-A2C0-5E8428C06210}.Debug|x64.ActiveCfg = Debug|Any CPU
		{48615C99-5722-41C1-A2C0-5E8428C06210}.Debug|x64.Build.0 = Debug|Any CPU
		{48615C99-5722-41C1-A2C0-5E8428C06210}.Release|Any CPU.ActiveCfg = Release|Any CPU
		{48615C99-5722-41C1-A2C0-5E8428C06210}.Release|Any CPU.Build.0 = Release|Any CPU
		{48615C99-5722-41C1-A2C0-5E8428C06210}.Release|x64.ActiveCfg = Release|Any CPU
		{48615C99-5722-41C1-A2C0-5E8428C06210}.Release|x64.Build.0 = Release|Any CPU
		{F02668F6-1033-46B9-A9B5-795B2EA2E540}.Debug|Any CPU.ActiveCfg = Debug|Any CPU
		{F02668F6-1033-46B9-A9B5-795B2EA2E540}.Debug|Any CPU.Build.0 = Debug|Any CPU
		{F02668F6-1033-46B9-A9B5-795B2EA2E540}.Debug|x64.ActiveCfg = Debug|x64
		{F02668F6-1033-46B9-A9B5-795B2EA2E540}.Debug|x64.Build.0 = Debug|x64
		{F02668F6-1033-46B9-A9B5-795B2EA2E540}.Release|Any CPU.ActiveCfg = Release|Any CPU
		{F02668F6-1033-46B9-A9B5-795B2EA2E540}.Release|Any CPU.Build.0 = Release|Any CPU
		{F02668F6-1033-46B9-A9B5-795B2EA2E540}.Release|x64.ActiveCfg = Release|x64
		{F02668F6-1033-46B9-A9B5-795B2EA2E540}.Release|x64.Build.0 = Release|x64
		{45C5B669-DF05-49D4-AF2A-EF92E3472866}.Debug|Any CPU.ActiveCfg = Debug|Any CPU
		{45C5B669-DF05-49D4-AF2A-EF92E3472866}.Debug|Any CPU.Build.0 = Debug|Any CPU
		{45C5B669-DF05-49D4-AF2A-EF92E3472866}.Debug|x64.ActiveCfg = Debug|Any CPU
		{45C5B669-DF05-49D4-AF2A-EF92E3472866}.Debug|x64.Build.0 = Debug|Any CPU
		{45C5B669-DF05-49D4-AF2A-EF92E3472866}.Release|Any CPU.ActiveCfg = Release|Any CPU
		{45C5B669-DF05-49D4-AF2A-EF92E3472866}.Release|Any CPU.Build.0 = Release|Any CPU
		{45C5B669-DF05-49D4-AF2A-EF92E3472866}.Release|x64.ActiveCfg = Release|Any CPU
		{45C5B669-DF05-49D4-AF2A-EF92E3472866}.Release|x64.Build.0 = Release|Any CPU
		{E96D6EC1-506C-4FD4-8DEF-0B3A1F654D26}.Debug|Any CPU.ActiveCfg = Debug|Any CPU
		{E96D6EC1-506C-4FD4-8DEF-0B3A1F654D26}.Debug|Any CPU.Build.0 = Debug|Any CPU
		{E96D6EC1-506C-4FD4-8DEF-0B3A1F654D26}.Debug|x64.ActiveCfg = Debug|Any CPU
		{E96D6EC1-506C-4FD4-8DEF-0B3A1F654D26}.Debug|x64.Build.0 = Debug|Any CPU
		{E96D6EC1-506C-4FD4-8DEF-0B3A1F654D26}.Release|Any CPU.ActiveCfg = Release|Any CPU
		{E96D6EC1-506C-4FD4-8DEF-0B3A1F654D26}.Release|Any CPU.Build.0 = Release|Any CPU
		{E96D6EC1-506C-4FD4-8DEF-0B3A1F654D26}.Release|x64.ActiveCfg = Release|Any CPU
		{E96D6EC1-506C-4FD4-8DEF-0B3A1F654D26}.Release|x64.Build.0 = Release|Any CPU
		{E9627DD9-B2E5-44E3-8993-BFAF1CC80B40}.Debug|Any CPU.ActiveCfg = Debug|Any CPU
		{E9627DD9-B2E5-44E3-8993-BFAF1CC80B40}.Debug|Any CPU.Build.0 = Debug|Any CPU
		{E9627DD9-B2E5-44E3-8993-BFAF1CC80B40}.Debug|x64.ActiveCfg = Debug|Any CPU
		{E9627DD9-B2E5-44E3-8993-BFAF1CC80B40}.Debug|x64.Build.0 = Debug|Any CPU
		{E9627DD9-B2E5-44E3-8993-BFAF1CC80B40}.Release|Any CPU.ActiveCfg = Release|Any CPU
		{E9627DD9-B2E5-44E3-8993-BFAF1CC80B40}.Release|Any CPU.Build.0 = Release|Any CPU
		{E9627DD9-B2E5-44E3-8993-BFAF1CC80B40}.Release|x64.ActiveCfg = Release|Any CPU
		{E9627DD9-B2E5-44E3-8993-BFAF1CC80B40}.Release|x64.Build.0 = Release|Any CPU
		{91B5CDDA-DC7E-4EE6-8ADD-6B05D2E733E0}.Debug|Any CPU.ActiveCfg = Debug|Any CPU
		{91B5CDDA-DC7E-4EE6-8ADD-6B05D2E733E0}.Debug|Any CPU.Build.0 = Debug|Any CPU
		{91B5CDDA-DC7E-4EE6-8ADD-6B05D2E733E0}.Debug|x64.ActiveCfg = Debug|Any CPU
		{91B5CDDA-DC7E-4EE6-8ADD-6B05D2E733E0}.Debug|x64.Build.0 = Debug|Any CPU
		{91B5CDDA-DC7E-4EE6-8ADD-6B05D2E733E0}.Release|Any CPU.ActiveCfg = Release|Any CPU
		{91B5CDDA-DC7E-4EE6-8ADD-6B05D2E733E0}.Release|Any CPU.Build.0 = Release|Any CPU
		{91B5CDDA-DC7E-4EE6-8ADD-6B05D2E733E0}.Release|x64.ActiveCfg = Release|Any CPU
		{91B5CDDA-DC7E-4EE6-8ADD-6B05D2E733E0}.Release|x64.Build.0 = Release|Any CPU
		{93417202-45A0-45F0-9FB8-ECA66B96DAE1}.Debug|Any CPU.ActiveCfg = Debug|Any CPU
		{93417202-45A0-45F0-9FB8-ECA66B96DAE1}.Debug|Any CPU.Build.0 = Debug|Any CPU
		{93417202-45A0-45F0-9FB8-ECA66B96DAE1}.Debug|x64.ActiveCfg = Debug|Any CPU
		{93417202-45A0-45F0-9FB8-ECA66B96DAE1}.Debug|x64.Build.0 = Debug|Any CPU
		{93417202-45A0-45F0-9FB8-ECA66B96DAE1}.Release|Any CPU.ActiveCfg = Release|Any CPU
		{93417202-45A0-45F0-9FB8-ECA66B96DAE1}.Release|Any CPU.Build.0 = Release|Any CPU
		{93417202-45A0-45F0-9FB8-ECA66B96DAE1}.Release|x64.ActiveCfg = Release|Any CPU
		{93417202-45A0-45F0-9FB8-ECA66B96DAE1}.Release|x64.Build.0 = Release|Any CPU
		{D4442C48-770F-45D7-97D3-3CE358E0E3CC}.Debug|Any CPU.ActiveCfg = Debug|Any CPU
		{D4442C48-770F-45D7-97D3-3CE358E0E3CC}.Debug|Any CPU.Build.0 = Debug|Any CPU
		{D4442C48-770F-45D7-97D3-3CE358E0E3CC}.Debug|x64.ActiveCfg = Debug|Any CPU
		{D4442C48-770F-45D7-97D3-3CE358E0E3CC}.Debug|x64.Build.0 = Debug|Any CPU
		{D4442C48-770F-45D7-97D3-3CE358E0E3CC}.Release|Any CPU.ActiveCfg = Release|Any CPU
		{D4442C48-770F-45D7-97D3-3CE358E0E3CC}.Release|Any CPU.Build.0 = Release|Any CPU
		{D4442C48-770F-45D7-97D3-3CE358E0E3CC}.Release|x64.ActiveCfg = Release|Any CPU
		{D4442C48-770F-45D7-97D3-3CE358E0E3CC}.Release|x64.Build.0 = Release|Any CPU
		{80BE5F8E-10AE-4226-978E-435173A948B7}.Debug|Any CPU.ActiveCfg = Debug|Any CPU
		{80BE5F8E-10AE-4226-978E-435173A948B7}.Debug|Any CPU.Build.0 = Debug|Any CPU
		{80BE5F8E-10AE-4226-978E-435173A948B7}.Debug|x64.ActiveCfg = Debug|Any CPU
		{80BE5F8E-10AE-4226-978E-435173A948B7}.Debug|x64.Build.0 = Debug|Any CPU
		{80BE5F8E-10AE-4226-978E-435173A948B7}.Release|Any CPU.ActiveCfg = Release|Any CPU
		{80BE5F8E-10AE-4226-978E-435173A948B7}.Release|Any CPU.Build.0 = Release|Any CPU
		{80BE5F8E-10AE-4226-978E-435173A948B7}.Release|x64.ActiveCfg = Release|Any CPU
		{80BE5F8E-10AE-4226-978E-435173A948B7}.Release|x64.Build.0 = Release|Any CPU
		{DF98BDD2-452D-4553-8491-5E948BF52516}.Debug|Any CPU.ActiveCfg = Debug|Any CPU
		{DF98BDD2-452D-4553-8491-5E948BF52516}.Debug|Any CPU.Build.0 = Debug|Any CPU
		{DF98BDD2-452D-4553-8491-5E948BF52516}.Debug|x64.ActiveCfg = Debug|x64
		{DF98BDD2-452D-4553-8491-5E948BF52516}.Debug|x64.Build.0 = Debug|x64
		{DF98BDD2-452D-4553-8491-5E948BF52516}.Release|Any CPU.ActiveCfg = Release|Any CPU
		{DF98BDD2-452D-4553-8491-5E948BF52516}.Release|Any CPU.Build.0 = Release|Any CPU
		{DF98BDD2-452D-4553-8491-5E948BF52516}.Release|x64.ActiveCfg = Release|x64
		{DF98BDD2-452D-4553-8491-5E948BF52516}.Release|x64.Build.0 = Release|x64
	EndGlobalSection
	GlobalSection(SolutionProperties) = preSolution
		HideSolutionNode = FALSE
	EndGlobalSection
	GlobalSection(NestedProjects) = preSolution
		{15B54F37-C85F-430D-9991-E4F48F9FAC04} = {BECB9788-F7C2-485D-8AA0-16C3F1401D8C}
		{8F3ABE53-B19A-464D-9DF1-B5C9B3C62FC2} = {2B06756C-8A83-46C3-8282-8252CEAF4474}
		{75F6D9D4-39C0-4665-A50C-798B5F762E91} = {81D5A9D5-421E-43A4-9D01-D6DE67080A0B}
		{9D12DD3D-B796-4834-80E6-B78837DE3871} = {81D5A9D5-421E-43A4-9D01-D6DE67080A0B}
		{519D86E9-959A-4CFA-BAFD-A3D896723D89} = {81D5A9D5-421E-43A4-9D01-D6DE67080A0B}
		{EDBEDAA0-7922-4E7D-8DB7-7DBB8978A0D8} = {81D5A9D5-421E-43A4-9D01-D6DE67080A0B}
		{C2519DC9-0FE4-4664-BC55-F69F2C854A80} = {5C30A621-0283-4D4E-9527-8E7DC10FD415}
		{48615C99-5722-41C1-A2C0-5E8428C06210} = {BECB9788-F7C2-485D-8AA0-16C3F1401D8C}
		{E96D6EC1-506C-4FD4-8DEF-0B3A1F654D26} = {BECB9788-F7C2-485D-8AA0-16C3F1401D8C}
		{E9627DD9-B2E5-44E3-8993-BFAF1CC80B40} = {2B06756C-8A83-46C3-8282-8252CEAF4474}
		{91B5CDDA-DC7E-4EE6-8ADD-6B05D2E733E0} = {2B06756C-8A83-46C3-8282-8252CEAF4474}
		{93417202-45A0-45F0-9FB8-ECA66B96DAE1} = {81D5A9D5-421E-43A4-9D01-D6DE67080A0B}
		{D4442C48-770F-45D7-97D3-3CE358E0E3CC} = {75F00B6E-7A4A-49C4-95F4-6245D4B40301}
		{80BE5F8E-10AE-4226-978E-435173A948B7} = {2B06756C-8A83-46C3-8282-8252CEAF4474}
	EndGlobalSection
	GlobalSection(ExtensibilityGlobals) = postSolution
		SolutionGuid = {7E97A822-CBBD-4D0F-B8FD-026EB191200D}
	EndGlobalSection
EndGlobal
