
Microsoft Visual Studio Solution File, Format Version 12.00
# Visual Studio Version 17
VisualStudioVersion = 17.2.32630.192
MinimumVisualStudioVersion = 10.0.40219.1
Project("{9A19103F-16F7-4668-BE54-9A1E7A4F7556}") = "Nouns", "Nouns\Nouns.csproj", "{4166C805-13EA-44C7-8513-10454CDEC651}"
EndProject
Project("{9A19103F-16F7-4668-BE54-9A1E7A4F7556}") = "Nouns.Assets.MagicaVoxel", "Nouns.Assets.MagicaVoxel\Nouns.Assets.MagicaVoxel.csproj", "{15B54F37-C85F-430D-9991-E4F48F9FAC04}"
EndProject
Project("{9A19103F-16F7-4668-BE54-9A1E7A4F7556}") = "Nouns.Tests", "Nouns.Tests\Nouns.Tests.csproj", "{4F41B1FC-CF70-420A-8BCD-5059D11374ED}"
EndProject
Project("{9A19103F-16F7-4668-BE54-9A1E7A4F7556}") = "FNA.Core", "..\lib\FNA\FNA.Core.csproj", "{8F3ABE53-B19A-464D-9DF1-B5C9B3C62FC2}"
EndProject
Project("{2150E333-8FDC-42A3-9474-1A3956D46DE8}") = "Solution Items", "Solution Items", "{4D76D185-6E74-4890-930C-533596135882}"
	ProjectSection(SolutionItems) = preProject
		..\LICENSE = ..\LICENSE
		..\README.md = ..\README.md
		..\THIRD_PARTY_NOTICES.md = ..\THIRD_PARTY_NOTICES.md
	EndProjectSection
EndProject
Project("{9A19103F-16F7-4668-BE54-9A1E7A4F7556}") = "Nouns.Editor.Core", "Nouns.Editor.Core\Nouns.Editor.Core.csproj", "{75F6D9D4-39C0-4665-A50C-798B5F762E91}"
EndProject
Project("{9A19103F-16F7-4668-BE54-9A1E7A4F7556}") = "Nouns.Assets.Core", "Nouns.Assets.Core\Nouns.Assets.Core.csproj", "{9D12DD3D-B796-4834-80E6-B78837DE3871}"
EndProject
Project("{9A19103F-16F7-4668-BE54-9A1E7A4F7556}") = "Nouns.CLI", "Nouns.CLI\Nouns.CLI.csproj", "{BD0478F2-CA4D-4455-A5E7-E09A690BA24C}"
EndProject
Project("{9A19103F-16F7-4668-BE54-9A1E7A4F7556}") = "Nouns.Graphics.Core", "Nouns.Graphics.Core\Nouns.Graphics.Core.csproj", "{519D86E9-959A-4CFA-BAFD-A3D896723D89}"
EndProject
Project("{FAE04EC0-301F-11D3-BF4B-00C04F79EFBC}") = "VisualTests", "VisualTests\VisualTests.csproj", "{74A9318A-5753-4F15-B8B9-C905B9093D89}"
EndProject
Project("{FAE04EC0-301F-11D3-BF4B-00C04F79EFBC}") = "Nouns.Core", "Nouns.Core\Nouns.Core.csproj", "{EDBEDAA0-7922-4E7D-8DB7-7DBB8978A0D8}"
EndProject
Project("{FAE04EC0-301F-11D3-BF4B-00C04F79EFBC}") = "Nouns.Pipeline", "Nouns.Pipeline\Nouns.Pipeline.csproj", "{00DD481C-C207-47F8-9BD8-2B23FE37D765}"
EndProject
Global
	GlobalSection(SolutionConfigurationPlatforms) = preSolution
		Debug|Any CPU = Debug|Any CPU
		Debug|x64 = Debug|x64
		Release|Any CPU = Release|Any CPU
		Release|x64 = Release|x64
	EndGlobalSection
	GlobalSection(ProjectConfigurationPlatforms) = postSolution
		{4166C805-13EA-44C7-8513-10454CDEC651}.Debug|Any CPU.ActiveCfg = Debug|x64
		{4166C805-13EA-44C7-8513-10454CDEC651}.Debug|Any CPU.Build.0 = Debug|x64
		{4166C805-13EA-44C7-8513-10454CDEC651}.Debug|x64.ActiveCfg = Debug|Any CPU
		{4166C805-13EA-44C7-8513-10454CDEC651}.Debug|x64.Build.0 = Debug|Any CPU
		{4166C805-13EA-44C7-8513-10454CDEC651}.Release|Any CPU.ActiveCfg = Release|x64
		{4166C805-13EA-44C7-8513-10454CDEC651}.Release|Any CPU.Build.0 = Release|x64
		{4166C805-13EA-44C7-8513-10454CDEC651}.Release|x64.ActiveCfg = Release|Any CPU
		{4166C805-13EA-44C7-8513-10454CDEC651}.Release|x64.Build.0 = Release|Any CPU
		{15B54F37-C85F-430D-9991-E4F48F9FAC04}.Debug|Any CPU.ActiveCfg = Debug|x64
		{15B54F37-C85F-430D-9991-E4F48F9FAC04}.Debug|Any CPU.Build.0 = Debug|x64
		{15B54F37-C85F-430D-9991-E4F48F9FAC04}.Debug|x64.ActiveCfg = Debug|Any CPU
		{15B54F37-C85F-430D-9991-E4F48F9FAC04}.Debug|x64.Build.0 = Debug|Any CPU
		{15B54F37-C85F-430D-9991-E4F48F9FAC04}.Release|Any CPU.ActiveCfg = Release|x64
		{15B54F37-C85F-430D-9991-E4F48F9FAC04}.Release|Any CPU.Build.0 = Release|x64
		{15B54F37-C85F-430D-9991-E4F48F9FAC04}.Release|x64.ActiveCfg = Release|Any CPU
		{15B54F37-C85F-430D-9991-E4F48F9FAC04}.Release|x64.Build.0 = Release|Any CPU
		{4F41B1FC-CF70-420A-8BCD-5059D11374ED}.Debug|Any CPU.ActiveCfg = Debug|x64
		{4F41B1FC-CF70-420A-8BCD-5059D11374ED}.Debug|Any CPU.Build.0 = Debug|x64
		{4F41B1FC-CF70-420A-8BCD-5059D11374ED}.Debug|x64.ActiveCfg = Debug|Any CPU
		{4F41B1FC-CF70-420A-8BCD-5059D11374ED}.Debug|x64.Build.0 = Debug|Any CPU
		{4F41B1FC-CF70-420A-8BCD-5059D11374ED}.Release|Any CPU.ActiveCfg = Release|x64
		{4F41B1FC-CF70-420A-8BCD-5059D11374ED}.Release|Any CPU.Build.0 = Release|x64
		{4F41B1FC-CF70-420A-8BCD-5059D11374ED}.Release|x64.ActiveCfg = Release|Any CPU
		{4F41B1FC-CF70-420A-8BCD-5059D11374ED}.Release|x64.Build.0 = Release|Any CPU
		{8F3ABE53-B19A-464D-9DF1-B5C9B3C62FC2}.Debug|Any CPU.ActiveCfg = Debug|x64
		{8F3ABE53-B19A-464D-9DF1-B5C9B3C62FC2}.Debug|Any CPU.Build.0 = Debug|x64
		{8F3ABE53-B19A-464D-9DF1-B5C9B3C62FC2}.Debug|x64.ActiveCfg = Debug|x64
		{8F3ABE53-B19A-464D-9DF1-B5C9B3C62FC2}.Debug|x64.Build.0 = Debug|x64
		{8F3ABE53-B19A-464D-9DF1-B5C9B3C62FC2}.Release|Any CPU.ActiveCfg = Release|x64
		{8F3ABE53-B19A-464D-9DF1-B5C9B3C62FC2}.Release|Any CPU.Build.0 = Release|x64
		{8F3ABE53-B19A-464D-9DF1-B5C9B3C62FC2}.Release|x64.ActiveCfg = Release|x64
		{8F3ABE53-B19A-464D-9DF1-B5C9B3C62FC2}.Release|x64.Build.0 = Release|x64
		{75F6D9D4-39C0-4665-A50C-798B5F762E91}.Debug|Any CPU.ActiveCfg = Debug|Any CPU
		{75F6D9D4-39C0-4665-A50C-798B5F762E91}.Debug|Any CPU.Build.0 = Debug|Any CPU
		{75F6D9D4-39C0-4665-A50C-798B5F762E91}.Debug|x64.ActiveCfg = Debug|Any CPU
		{75F6D9D4-39C0-4665-A50C-798B5F762E91}.Debug|x64.Build.0 = Debug|Any CPU
		{75F6D9D4-39C0-4665-A50C-798B5F762E91}.Release|Any CPU.ActiveCfg = Release|Any CPU
		{75F6D9D4-39C0-4665-A50C-798B5F762E91}.Release|Any CPU.Build.0 = Release|Any CPU
		{75F6D9D4-39C0-4665-A50C-798B5F762E91}.Release|x64.ActiveCfg = Release|Any CPU
		{75F6D9D4-39C0-4665-A50C-798B5F762E91}.Release|x64.Build.0 = Release|Any CPU
		{9D12DD3D-B796-4834-80E6-B78837DE3871}.Debug|Any CPU.ActiveCfg = Debug|Any CPU
		{9D12DD3D-B796-4834-80E6-B78837DE3871}.Debug|Any CPU.Build.0 = Debug|Any CPU
		{9D12DD3D-B796-4834-80E6-B78837DE3871}.Debug|x64.ActiveCfg = Debug|Any CPU
		{9D12DD3D-B796-4834-80E6-B78837DE3871}.Debug|x64.Build.0 = Debug|Any CPU
		{9D12DD3D-B796-4834-80E6-B78837DE3871}.Release|Any CPU.ActiveCfg = Release|Any CPU
		{9D12DD3D-B796-4834-80E6-B78837DE3871}.Release|Any CPU.Build.0 = Release|Any CPU
		{9D12DD3D-B796-4834-80E6-B78837DE3871}.Release|x64.ActiveCfg = Release|Any CPU
		{9D12DD3D-B796-4834-80E6-B78837DE3871}.Release|x64.Build.0 = Release|Any CPU
		{BD0478F2-CA4D-4455-A5E7-E09A690BA24C}.Debug|Any CPU.ActiveCfg = Debug|Any CPU
		{BD0478F2-CA4D-4455-A5E7-E09A690BA24C}.Debug|Any CPU.Build.0 = Debug|Any CPU
		{BD0478F2-CA4D-4455-A5E7-E09A690BA24C}.Debug|x64.ActiveCfg = Debug|Any CPU
		{BD0478F2-CA4D-4455-A5E7-E09A690BA24C}.Debug|x64.Build.0 = Debug|Any CPU
		{BD0478F2-CA4D-4455-A5E7-E09A690BA24C}.Release|Any CPU.ActiveCfg = Release|Any CPU
		{BD0478F2-CA4D-4455-A5E7-E09A690BA24C}.Release|Any CPU.Build.0 = Release|Any CPU
		{BD0478F2-CA4D-4455-A5E7-E09A690BA24C}.Release|x64.ActiveCfg = Release|Any CPU
		{BD0478F2-CA4D-4455-A5E7-E09A690BA24C}.Release|x64.Build.0 = Release|Any CPU
		{519D86E9-959A-4CFA-BAFD-A3D896723D89}.Debug|Any CPU.ActiveCfg = Debug|Any CPU
		{519D86E9-959A-4CFA-BAFD-A3D896723D89}.Debug|Any CPU.Build.0 = Debug|Any CPU
		{519D86E9-959A-4CFA-BAFD-A3D896723D89}.Debug|x64.ActiveCfg = Debug|Any CPU
		{519D86E9-959A-4CFA-BAFD-A3D896723D89}.Debug|x64.Build.0 = Debug|Any CPU
		{519D86E9-959A-4CFA-BAFD-A3D896723D89}.Release|Any CPU.ActiveCfg = Release|Any CPU
		{519D86E9-959A-4CFA-BAFD-A3D896723D89}.Release|Any CPU.Build.0 = Release|Any CPU
		{519D86E9-959A-4CFA-BAFD-A3D896723D89}.Release|x64.ActiveCfg = Release|Any CPU
		{519D86E9-959A-4CFA-BAFD-A3D896723D89}.Release|x64.Build.0 = Release|Any CPU
		{74A9318A-5753-4F15-B8B9-C905B9093D89}.Debug|Any CPU.ActiveCfg = Debug|Any CPU
		{74A9318A-5753-4F15-B8B9-C905B9093D89}.Debug|Any CPU.Build.0 = Debug|Any CPU
		{74A9318A-5753-4F15-B8B9-C905B9093D89}.Debug|x64.ActiveCfg = Debug|Any CPU
		{74A9318A-5753-4F15-B8B9-C905B9093D89}.Debug|x64.Build.0 = Debug|Any CPU
		{74A9318A-5753-4F15-B8B9-C905B9093D89}.Release|Any CPU.ActiveCfg = Release|Any CPU
		{74A9318A-5753-4F15-B8B9-C905B9093D89}.Release|Any CPU.Build.0 = Release|Any CPU
		{74A9318A-5753-4F15-B8B9-C905B9093D89}.Release|x64.ActiveCfg = Release|Any CPU
		{74A9318A-5753-4F15-B8B9-C905B9093D89}.Release|x64.Build.0 = Release|Any CPU
		{EDBEDAA0-7922-4E7D-8DB7-7DBB8978A0D8}.Debug|Any CPU.ActiveCfg = Debug|Any CPU
		{EDBEDAA0-7922-4E7D-8DB7-7DBB8978A0D8}.Debug|Any CPU.Build.0 = Debug|Any CPU
		{EDBEDAA0-7922-4E7D-8DB7-7DBB8978A0D8}.Debug|x64.ActiveCfg = Debug|Any CPU
		{EDBEDAA0-7922-4E7D-8DB7-7DBB8978A0D8}.Debug|x64.Build.0 = Debug|Any CPU
		{EDBEDAA0-7922-4E7D-8DB7-7DBB8978A0D8}.Release|Any CPU.ActiveCfg = Release|Any CPU
		{EDBEDAA0-7922-4E7D-8DB7-7DBB8978A0D8}.Release|Any CPU.Build.0 = Release|Any CPU
		{EDBEDAA0-7922-4E7D-8DB7-7DBB8978A0D8}.Release|x64.ActiveCfg = Release|Any CPU
		{EDBEDAA0-7922-4E7D-8DB7-7DBB8978A0D8}.Release|x64.Build.0 = Release|Any CPU
		{00DD481C-C207-47F8-9BD8-2B23FE37D765}.Debug|Any CPU.ActiveCfg = Debug|Any CPU
		{00DD481C-C207-47F8-9BD8-2B23FE37D765}.Debug|Any CPU.Build.0 = Debug|Any CPU
		{00DD481C-C207-47F8-9BD8-2B23FE37D765}.Debug|x64.ActiveCfg = Debug|Any CPU
		{00DD481C-C207-47F8-9BD8-2B23FE37D765}.Debug|x64.Build.0 = Debug|Any CPU
		{00DD481C-C207-47F8-9BD8-2B23FE37D765}.Release|Any CPU.ActiveCfg = Release|Any CPU
		{00DD481C-C207-47F8-9BD8-2B23FE37D765}.Release|Any CPU.Build.0 = Release|Any CPU
		{00DD481C-C207-47F8-9BD8-2B23FE37D765}.Release|x64.ActiveCfg = Release|Any CPU
		{00DD481C-C207-47F8-9BD8-2B23FE37D765}.Release|x64.Build.0 = Release|Any CPU
	EndGlobalSection
	GlobalSection(SolutionProperties) = preSolution
		HideSolutionNode = FALSE
	EndGlobalSection
	GlobalSection(ExtensibilityGlobals) = postSolution
		SolutionGuid = {7E97A822-CBBD-4D0F-B8FD-026EB191200D}
	EndGlobalSection
EndGlobal
